
Microsoft Visual Studio Solution File, Format Version 12.00
# Visual Studio 15
VisualStudioVersion = 15.0.27130.2036
MinimumVisualStudioVersion = 10.0.40219.1
Project("{9A19103F-16F7-4668-BE54-9A1E7A4F7556}") = "testdata", "testdata.csproj", "{52DB0C91-7660-44A4-8284-2869C4E40AC1}"
EndProject
Global
	GlobalSection(SolutionConfigurationPlatforms) = preSolution
		Debug|Any CPU = Debug|Any CPU
		Release|Any CPU = Release|Any CPU
	EndGlobalSection
	GlobalSection(ProjectConfigurationPlatforms) = postSolution
		{52DB0C91-7660-44A4-8284-2869C4E40AC1}.Debug|Any CPU.ActiveCfg = Debug|Any CPU
		{52DB0C91-7660-44A4-8284-2869C4E40AC1}.Debug|Any CPU.Build.0 = Debug|Any CPU
		{52DB0C91-7660-44A4-8284-2869C4E40AC1}.Release|Any CPU.ActiveCfg = Release|Any CPU
		{52DB0C91-7660-44A4-8284-2869C4E40AC1}.Release|Any CPU.Build.0 = Release|Any CPU
	EndGlobalSection
	GlobalSection(SolutionProperties) = preSolution
		HideSolutionNode = FALSE
	EndGlobalSection
	GlobalSection(ExtensibilityGlobals) = postSolution
		SolutionGuid = {A017B426-996B-4713-9D01-8F73E6CB6524}
	EndGlobalSection
EndGlobal
